PODS:
  - EaseMobSDK (2.1.9)
  - KRVideoPlayer (1.0.1)
  - MJExtension (3.0.7)
  - MJRefresh (2.3.2)

DEPENDENCIES:
  - EaseMobSDK (from `https://github.com/easemob/sdk-ios-cocoapods.git`)
  - KRVideoPlayer
  - MJExtension
  - MJRefresh

EXTERNAL SOURCES:
  EaseMobSDK:
    :git: https://github.com/easemob/sdk-ios-cocoapods.git

SPEC CHECKSUMS:
  EaseMobSDK: cc8415cb99a65debf4711fa2c9c349fd5c843299
  KRVideoPlayer: 08918da1b99cae35fd4c15b2ec2b49358d4c985f
  MJExtension: 290cc966f0f849b12b6391a38e296e0004ae8e5e
  MJRefresh: 0f6f5e8387970607c26080b44058b229a23065d7

COCOAPODS: 0.39.0
