// !$*UTF8*$!
{
	archiveVersion = 1;
	classes = {
	};
	objectVersion = 46;
	objects = {

/* Begin PBXBuildFile section */
		183941351B1E05DF0086B537 /* YKLocationMediaModel.m in Sources */ = {isa = PBXBuildFile; fileRef = 183941341B1E05DF0086B537 /* YKLocationMediaModel.m */; };
		42046FB31B8075BD0042BDD7 /* NSString+Size.m in Sources */ = {isa = PBXBuildFile; fileRef = 42046FB21B8075BD0042BDD7 /* NSString+Size.m */; };
		420495091B7C78C100FD3150 /* YKContactTableViewCell.m in Sources */ = {isa = PBXBuildFile; fileRef = 420495071B7C78C100FD3150 /* YKContactTableViewCell.m */; };
		4204950A1B7C78C100FD3150 /* YKContactTableViewCell.xib in Resources */ = {isa = PBXBuildFile; fileRef = 420495081B7C78C100FD3150 /* YKContactTableViewCell.xib */; };
		4204950D1B7C7BC900FD3150 /* YKContactModel.m in Sources */ = {isa = PBXBuildFile; fileRef = 4204950C1B7C7BC900FD3150 /* YKContactModel.m */; };
		420495121B7C8C7500FD3150 /* YKChatViewCell.m in Sources */ = {isa = PBXBuildFile; fileRef = 420495101B7C8C7500FD3150 /* YKChatViewCell.m */; };
		421A3AD81B7852B800E62D9A /* UIImage+Image.m in Sources */ = {isa = PBXBuildFile; fileRef = 421A3AD71B7852B800E62D9A /* UIImage+Image.m */; };
		421A3ADB1B7A1DD900E62D9A /* YKSearchFriendController.m in Sources */ = {isa = PBXBuildFile; fileRef = 421A3ADA1B7A1DD900E62D9A /* YKSearchFriendController.m */; };
		421A68681B33F1AC002E249A /* YKPersonnalCell.m in Sources */ = {isa = PBXBuildFile; fileRef = 421A68661B33F1AC002E249A /* YKPersonnalCell.m */; };
		421A68691B33F1AC002E249A /* YKPersonnalCell.xib in Resources */ = {isa = PBXBuildFile; fileRef = 421A68671B33F1AC002E249A /* YKPersonnalCell.xib */; };
		421A686B1B33F4B2002E249A /* PersonnalPlist.plist in Resources */ = {isa = PBXBuildFile; fileRef = 421A686A1B33F4B2002E249A /* PersonnalPlist.plist */; };
		4236B2F41B269DF4005B7D43 /* YKBrowseViewCell.m in Sources */ = {isa = PBXBuildFile; fileRef = 4236B2F21B269DF4005B7D43 /* YKBrowseViewCell.m */; };
		4236B2F51B269DF4005B7D43 /* YKBrowseViewCell.xib in Resources */ = {isa = PBXBuildFile; fileRef = 4236B2F31B269DF4005B7D43 /* YKBrowseViewCell.xib */; };
		424AE1A01B5A420900DF35A2 /* MatterSort.plist in Resources */ = {isa = PBXBuildFile; fileRef = 424AE19F1B5A420900DF35A2 /* MatterSort.plist */; };
		425B392D1B4A7940002468F4 /* YKSettingController.m in Sources */ = {isa = PBXBuildFile; fileRef = 425B392C1B4A7940002468F4 /* YKSettingController.m */; };
		425B39301B4A8149002468F4 /* YKFriendController.m in Sources */ = {isa = PBXBuildFile; fileRef = 425B392F1B4A8149002468F4 /* YKFriendController.m */; };
		425B39331B4A815F002468F4 /* YKMessageController.m in Sources */ = {isa = PBXBuildFile; fileRef = 425B39321B4A815F002468F4 /* YKMessageController.m */; };
		425BD7CE1B3277B10056FEBD /* ChannelPlist.plist in Resources */ = {isa = PBXBuildFile; fileRef = 425BD7CD1B3277B10056FEBD /* ChannelPlist.plist */; };
		425BD7D01B32AFA20056FEBD /* Images.xcassets in Resources */ = {isa = PBXBuildFile; fileRef = 425BD7CF1B32AFA20056FEBD /* Images.xcassets */; };
		42656D1F1B157EC200D2AB4B /* example.mov in Resources */ = {isa = PBXBuildFile; fileRef = 42656D1E1B157EC200D2AB4B /* example.mov */; };
		42656D261B1597D900D2AB4B /* YKLocationViewController.m in Sources */ = {isa = PBXBuildFile; fileRef = 42656D251B1597D900D2AB4B /* YKLocationViewController.m */; };
		42656D2B1B15987B00D2AB4B /* YKWorkViewController.m in Sources */ = {isa = PBXBuildFile; fileRef = 42656D2A1B15987B00D2AB4B /* YKWorkViewController.m */; };
		426B73C41B188C0800E7EA7E /* example.wav in Resources */ = {isa = PBXBuildFile; fileRef = 426B73C21B188C0800E7EA7E /* example.wav */; };
		426B73C51B188C0800E7EA7E /* 1.mov in Resources */ = {isa = PBXBuildFile; fileRef = 426B73C31B188C0800E7EA7E /* 1.mov */; };
		426F87861B6B14D600624E1B /* YKCommentTableViewCell.m in Sources */ = {isa = PBXBuildFile; fileRef = 426F87841B6B14D600624E1B /* YKCommentTableViewCell.m */; };
		426F87871B6B14D600624E1B /* YKCommentTableViewCell.xib in Resources */ = {isa = PBXBuildFile; fileRef = 426F87851B6B14D600624E1B /* YKCommentTableViewCell.xib */; };
		426FCD611B285B9F00A5DB0E /* YKFavouriteController.m in Sources */ = {isa = PBXBuildFile; fileRef = 426FCD601B285B9F00A5DB0E /* YKFavouriteController.m */; };
		426FCD671B285BDF00A5DB0E /* YKRankController.m in Sources */ = {isa = PBXBuildFile; fileRef = 426FCD661B285BDF00A5DB0E /* YKRankController.m */; };
		426FCD6B1B2862B400A5DB0E /* YKBrowseTableViewCell.m in Sources */ = {isa = PBXBuildFile; fileRef = 426FCD691B2862B400A5DB0E /* YKBrowseTableViewCell.m */; };
		426FCD6C1B2862B400A5DB0E /* YKBrowseTableViewCell.xib in Resources */ = {isa = PBXBuildFile; fileRef = 426FCD6A1B2862B400A5DB0E /* YKBrowseTableViewCell.xib */; };
		4275CC3A1B29646E006B7690 /* YKChannelViewCell.m in Sources */ = {isa = PBXBuildFile; fileRef = 4275CC381B29646E006B7690 /* YKChannelViewCell.m */; };
		4275CC3B1B29646E006B7690 /* YKChannelViewCell.xib in Resources */ = {isa = PBXBuildFile; fileRef = 4275CC391B29646E006B7690 /* YKChannelViewCell.xib */; };
		4275CC3E1B296673006B7690 /* YKChannelController.m in Sources */ = {isa = PBXBuildFile; fileRef = 4275CC3D1B296673006B7690 /* YKChannelController.m */; };
		42764AA81B33CE54007A4F9E /* YKPersonnalView.m in Sources */ = {isa = PBXBuildFile; fileRef = 42764AA71B33CE54007A4F9E /* YKPersonnalView.m */; };
		42764AAA1B33CE65007A4F9E /* YKPersonnalView.xib in Resources */ = {isa = PBXBuildFile; fileRef = 42764AA91B33CE65007A4F9E /* YKPersonnalView.xib */; };
		4294A3461B735749009C86B6 /* YKChatMessageCell.m in Sources */ = {isa = PBXBuildFile; fileRef = 4294A3441B735749009C86B6 /* YKChatMessageCell.m */; };
		4294A3471B735749009C86B6 /* YKChatMessageCell.xib in Resources */ = {isa = PBXBuildFile; fileRef = 4294A3451B735749009C86B6 /* YKChatMessageCell.xib */; };
		4297F8F61B143B1B00706B72 /* YKDock.m in Sources */ = {isa = PBXBuildFile; fileRef = 4297F8F31B143B1B00706B72 /* YKDock.m */; };
		4297F8F71B143B1B00706B72 /* YKDockItem.m in Sources */ = {isa = PBXBuildFile; fileRef = 4297F8F51B143B1B00706B72 /* YKDockItem.m */; };
		4297F8FE1B143BD500706B72 /* NSString+File.m in Sources */ = {isa = PBXBuildFile; fileRef = 4297F8FD1B143BD500706B72 /* NSString+File.m */; };
		4297F9011B143D3700706B72 /* YKMainViewController.m in Sources */ = {isa = PBXBuildFile; fileRef = 4297F9001B143D3700706B72 /* YKMainViewController.m */; };
		4297F90A1B144CF100706B72 /* YKPlayViewController.m in Sources */ = {isa = PBXBuildFile; fileRef = 4297F9091B144CF100706B72 /* YKPlayViewController.m */; };
		4297F90D1B144CFB00706B72 /* YKLibraryController.m in Sources */ = {isa = PBXBuildFile; fileRef = 4297F90C1B144CFB00706B72 /* YKLibraryController.m */; };
		4297F9101B144D0700706B72 /* YKHomeViewController.m in Sources */ = {isa = PBXBuildFile; fileRef = 4297F90F1B144D0700706B72 /* YKHomeViewController.m */; };
		42A15D3D1B6EFD060029EC0F /* YKPersonInfoController.m in Sources */ = {isa = PBXBuildFile; fileRef = 42A15D3C1B6EFD060029EC0F /* YKPersonInfoController.m */; };
		42A15D411B70245A0029EC0F /* YKPlaySettingController.m in Sources */ = {isa = PBXBuildFile; fileRef = 42A15D401B70245A0029EC0F /* YKPlaySettingController.m */; };
		42A15D441B70329E0029EC0F /* YKMessageSettingController.m in Sources */ = {isa = PBXBuildFile; fileRef = 42A15D431B70329E0029EC0F /* YKMessageSettingController.m */; };
		42A15D471B7032D10029EC0F /* TKSuggestSettingController.m in Sources */ = {isa = PBXBuildFile; fileRef = 42A15D461B7032D10029EC0F /* TKSuggestSettingController.m */; };
		42A15D4A1B7032E40029EC0F /* YKAboutSettingController.m in Sources */ = {isa = PBXBuildFile; fileRef = 42A15D491B7032E40029EC0F /* YKAboutSettingController.m */; };
		42A15D4D1B703A470029EC0F /* YKBrowseAuthorInfoView.m in Sources */ = {isa = PBXBuildFile; fileRef = 42A15D4C1B703A470029EC0F /* YKBrowseAuthorInfoView.m */; };
		42A15D4F1B703A620029EC0F /* YKBrowseAuthorInfoView.xib in Resources */ = {isa = PBXBuildFile; fileRef = 42A15D4E1B703A620029EC0F /* YKBrowseAuthorInfoView.xib */; };
		42A15DC21B7088650029EC0F /* MobileCoreServices.framework in Frameworks */ = {isa = PBXBuildFile; fileRef = 42A15DC11B7088650029EC0F /* MobileCoreServices.framework */; };
		42A15DC41B7088710029EC0F /* CFNetwork.framework in Frameworks */ = {isa = PBXBuildFile; fileRef = 42A15DC31B7088710029EC0F /* CFNetwork.framework */; };
		42A15DC61B7088DC0029EC0F /* libstdc++.6.0.9.dylib in Frameworks */ = {isa = PBXBuildFile; fileRef = 42A15DC51B7088DC0029EC0F /* libstdc++.6.0.9.dylib */; };
		42A15DC81B7088F20029EC0F /* libsqlite3.dylib in Frameworks */ = {isa = PBXBuildFile; fileRef = 42A15DC71B7088F20029EC0F /* libsqlite3.dylib */; };
		42A15DCA1B7088FE0029EC0F /* libxml2.dylib in Frameworks */ = {isa = PBXBuildFile; fileRef = 42A15DC91B7088FE0029EC0F /* libxml2.dylib */; };
		42A15DCC1B70890B0029EC0F /* libiconv.dylib in Frameworks */ = {isa = PBXBuildFile; fileRef = 42A15DCB1B70890B0029EC0F /* libiconv.dylib */; };
		42A15DCE1B7089160029EC0F /* libz.dylib in Frameworks */ = {isa = PBXBuildFile; fileRef = 42A15DCD1B7089160029EC0F /* libz.dylib */; };
		42A15DD01B7089220029EC0F /* libresolv.dylib in Frameworks */ = {isa = PBXBuildFile; fileRef = 42A15DCF1B7089220029EC0F /* libresolv.dylib */; };
		42A28A791B64465600F390EF /* zimu.srt in Resources */ = {isa = PBXBuildFile; fileRef = 42A28A781B64465600F390EF /* zimu.srt */; };
		42A8EE181B1D67E100D34EAD /* DefautCover.jpg in Resources */ = {isa = PBXBuildFile; fileRef = 42A8EE171B1D67E100D34EAD /* DefautCover.jpg */; };
		42A8EE1B1B1DDA9500D34EAD /* NSFileManager+Repeat.m in Sources */ = {isa = PBXBuildFile; fileRef = 42A8EE1A1B1DDA9500D34EAD /* NSFileManager+Repeat.m */; };
		42B5B6E41B1E81600061CF4B /* NSString+FileName.m in Sources */ = {isa = PBXBuildFile; fileRef = 42B5B6E31B1E81600061CF4B /* NSString+FileName.m */; };
		42C46A491B1FD92800F6AAAC /* YKLibraryCell.m in Sources */ = {isa = PBXBuildFile; fileRef = 42C46A481B1FD92800F6AAAC /* YKLibraryCell.m */; };
		42C46A4B1B1FD94900F6AAAC /* YKLibraryCell.xib in Resources */ = {isa = PBXBuildFile; fileRef = 42C46A4A1B1FD94900F6AAAC /* YKLibraryCell.xib */; };
		42C46A831B20808F00F6AAAC /* YKHomeSelectView.m in Sources */ = {isa = PBXBuildFile; fileRef = 42C46A821B20808F00F6AAAC /* YKHomeSelectView.m */; };
		42C46A881B20814D00F6AAAC /* YKSelectButton.m in Sources */ = {isa = PBXBuildFile; fileRef = 42C46A871B20814D00F6AAAC /* YKSelectButton.m */; };
		42C46A8A1B20815F00F6AAAC /* YKSelectButton.xib in Resources */ = {isa = PBXBuildFile; fileRef = 42C46A891B20815F00F6AAAC /* YKSelectButton.xib */; };
		42C585D91B0AFAF0005BE52E /* main.m in Sources */ = {isa = PBXBuildFile; fileRef = 42C585D81B0AFAF0005BE52E /* main.m */; };
		42C585DC1B0AFAF0005BE52E /* AppDelegate.m in Sources */ = {isa = PBXBuildFile; fileRef = 42C585DB1B0AFAF0005BE52E /* AppDelegate.m */; };
		42C585E21B0AFAF0005BE52E /* Main.storyboard in Resources */ = {isa = PBXBuildFile; fileRef = 42C585E01B0AFAF0005BE52E /* Main.storyboard */; };
		42C585E71B0AFAF0005BE52E /* LaunchScreen.xib in Resources */ = {isa = PBXBuildFile; fileRef = 42C585E51B0AFAF0005BE52E /* LaunchScreen.xib */; };
		42C585F31B0AFAF0005BE52E /* YinnerTests.m in Sources */ = {isa = PBXBuildFile; fileRef = 42C585F21B0AFAF0005BE52E /* YinnerTests.m */; };
		42D71B021B63628E00567F3B /* YKBrowseViewController.m in Sources */ = {isa = PBXBuildFile; fileRef = 42D71B011B63628E00567F3B /* YKBrowseViewController.m */; };
		42D71B081B638B1000567F3B /* YKPlayTableViewCell.m in Sources */ = {isa = PBXBuildFile; fileRef = 42D71B061B638B1000567F3B /* YKPlayTableViewCell.m */; };
		42D71B091B638B1000567F3B /* YKPlayTableViewCell.xib in Resources */ = {isa = PBXBuildFile; fileRef = 42D71B071B638B1000567F3B /* YKPlayTableViewCell.xib */; };
		42E644F41B17099400247877 /* AVFoundation.framework in Frameworks */ = {isa = PBXBuildFile; fileRef = 42E644F31B17099400247877 /* AVFoundation.framework */; };
		42E644F61B17099D00247877 /* CoreAudio.framework in Frameworks */ = {isa = PBXBuildFile; fileRef = 42E644F51B17099D00247877 /* CoreAudio.framework */; };
		42F4BD111B1C4D7D00E23726 /* MediaModel.xcdatamodeld in Sources */ = {isa = PBXBuildFile; fileRef = 42F4BD0F1B1C4D7D00E23726 /* MediaModel.xcdatamodeld */; };
		42F4BD141B1C54DD00E23726 /* YKCoreDataManager.m in Sources */ = {isa = PBXBuildFile; fileRef = 42F4BD131B1C54DD00E23726 /* YKCoreDataManager.m */; };
		42F4BD161B1C597400E23726 /* CoreData.framework in Frameworks */ = {isa = PBXBuildFile; fileRef = 42F4BD151B1C597400E23726 /* CoreData.framework */; };
		42F4BD1B1B1C89F300E23726 /* NSDate+Current.m in Sources */ = {isa = PBXBuildFile; fileRef = 42F4BD1A1B1C89F300E23726 /* NSDate+Current.m */; };
		42FF56131B719D6300C7781D /* YKLoginViewController.m in Sources */ = {isa = PBXBuildFile; fileRef = 42FF56121B719D6300C7781D /* YKLoginViewController.m */; };
		42FF561A1B72DB8500C7781D /* NSString+Valid.m in Sources */ = {isa = PBXBuildFile; fileRef = 42FF56191B72DB8400C7781D /* NSString+Valid.m */; };
		42FF561D1B72E36E00C7781D /* YKChatViewController.m in Sources */ = {isa = PBXBuildFile; fileRef = 42FF561C1B72E36E00C7781D /* YKChatViewController.m */; };
		597978221B5EC40915C43DEC /* libPods.a in Frameworks */ = {isa = PBXBuildFile; fileRef = D911E37F7CBA5D8373180423 /* libPods.a */; };
/* End PBXBuildFile section */

/* Begin PBXContainerItemProxy section */
		42C585ED1B0AFAF0005BE52E /* PBXContainerItemProxy */ = {
			isa = PBXContainerItemProxy;
			containerPortal = 42C585CB1B0AFAF0005BE52E /* Project object */;
			proxyType = 1;
			remoteGlobalIDString = 42C585D21B0AFAF0005BE52E;
			remoteInfo = Yinner;
		};
/* End PBXContainerItemProxy section */

/* Begin PBXFileReference section */
		183941331B1E05DF0086B537 /* YKLocationMediaModel.h */ = {isa = PBXFileReference; fileEncoding = 4; lastKnownFileType = sourcecode.c.h; path = YKLocationMediaModel.h; sourceTree = "<group>"; };
		183941341B1E05DF0086B537 /* YKLocationMediaModel.m */ = {isa = PBXFileReference; fileEncoding = 4; lastKnownFileType = sourcecode.c.objc; path = YKLocationMediaModel.m; sourceTree = "<group>"; };
		42046FB11B8075BD0042BDD7 /* NSString+Size.h */ = {isa = PBXFileReference; fileEncoding = 4; lastKnownFileType = sourcecode.c.h; path = "NSString+Size.h"; sourceTree = "<group>"; };
		42046FB21B8075BD0042BDD7 /* NSString+Size.m */ = {isa = PBXFileReference; fileEncoding = 4; lastKnownFileType = sourcecode.c.objc; path = "NSString+Size.m"; sourceTree = "<group>"; };
		420495061B7C78C100FD3150 /* YKContactTableViewCell.h */ = {isa = PBXFileReference; fileEncoding = 4; lastKnownFileType = sourcecode.c.h; path = YKContactTableViewCell.h; sourceTree = "<group>"; };
		420495071B7C78C100FD3150 /* YKContactTableViewCell.m */ = {isa = PBXFileReference; fileEncoding = 4; lastKnownFileType = sourcecode.c.objc; path = YKContactTableViewCell.m; sourceTree = "<group>"; };
		420495081B7C78C100FD3150 /* YKContactTableViewCell.xib */ = {isa = PBXFileReference; fileEncoding = 4; lastKnownFileType = file.xib; path = YKContactTableViewCell.xib; sourceTree = "<group>"; };
		4204950B1B7C7BC900FD3150 /* YKContactModel.h */ = {isa = PBXFileReference; fileEncoding = 4; lastKnownFileType = sourcecode.c.h; path = YKContactModel.h; sourceTree = "<group>"; };
		4204950C1B7C7BC900FD3150 /* YKContactModel.m */ = {isa = PBXFileReference; fileEncoding = 4; lastKnownFileType = sourcecode.c.objc; path = YKContactModel.m; sourceTree = "<group>"; };
		4204950F1B7C8C7500FD3150 /* YKChatViewCell.h */ = {isa = PBXFileReference; fileEncoding = 4; lastKnownFileType = sourcecode.c.h; path = YKChatViewCell.h; sourceTree = "<group>"; };
		420495101B7C8C7500FD3150 /* YKChatViewCell.m */ = {isa = PBXFileReference; fileEncoding = 4; lastKnownFileType = sourcecode.c.objc; path = YKChatViewCell.m; sourceTree = "<group>"; };
		421A3AD61B7852B800E62D9A /* UIImage+Image.h */ = {isa = PBXFileReference; fileEncoding = 4; lastKnownFileType = sourcecode.c.h; path = "UIImage+Image.h"; sourceTree = "<group>"; };
		421A3AD71B7852B800E62D9A /* UIImage+Image.m */ = {isa = PBXFileReference; fileEncoding = 4; lastKnownFileType = sourcecode.c.objc; path = "UIImage+Image.m"; sourceTree = "<group>"; };
		421A3AD91B7A1DD900E62D9A /* YKSearchFriendController.h */ = {isa = PBXFileReference; fileEncoding = 4; lastKnownFileType = sourcecode.c.h; path = YKSearchFriendController.h; sourceTree = "<group>"; };
		421A3ADA1B7A1DD900E62D9A /* YKSearchFriendController.m */ = {isa = PBXFileReference; fileEncoding = 4; lastKnownFileType = sourcecode.c.objc; path = YKSearchFriendController.m; sourceTree = "<group>"; };
		421A68651B33F1AC002E249A /* YKPersonnalCell.h */ = {isa = PBXFileReference; fileEncoding = 4; lastKnownFileType = sourcecode.c.h; path = YKPersonnalCell.h; sourceTree = "<group>"; };
		421A68661B33F1AC002E249A /* YKPersonnalCell.m */ = {isa = PBXFileReference; fileEncoding = 4; lastKnownFileType = sourcecode.c.objc; path = YKPersonnalCell.m; sourceTree = "<group>"; };
		421A68671B33F1AC002E249A /* YKPersonnalCell.xib */ = {isa = PBXFileReference; fileEncoding = 4; lastKnownFileType = file.xib; path = YKPersonnalCell.xib; sourceTree = "<group>"; };
		421A686A1B33F4B2002E249A /* PersonnalPlist.plist */ = {isa = PBXFileReference; fileEncoding = 4; lastKnownFileType = text.plist.xml; path = PersonnalPlist.plist; sourceTree = SOURCE_ROOT; };
		4236B2F11B269DF4005B7D43 /* YKBrowseViewCell.h */ = {isa = PBXFileReference; fileEncoding = 4; lastKnownFileType = sourcecode.c.h; path = YKBrowseViewCell.h; sourceTree = "<group>"; };
		4236B2F21B269DF4005B7D43 /* YKBrowseViewCell.m */ = {isa = PBXFileReference; fileEncoding = 4; lastKnownFileType = sourcecode.c.objc; path = YKBrowseViewCell.m; sourceTree = "<group>"; };
		4236B2F31B269DF4005B7D43 /* YKBrowseViewCell.xib */ = {isa = PBXFileReference; fileEncoding = 4; lastKnownFileType = file.xib; path = YKBrowseViewCell.xib; sourceTree = "<group>"; };
		424AE19F1B5A420900DF35A2 /* MatterSort.plist */ = {isa = PBXFileReference; fileEncoding = 4; lastKnownFileType = text.plist.xml; path = MatterSort.plist; sourceTree = SOURCE_ROOT; };
		424BA59E1B70914500BCA0FE /* PrefixHeader.pch */ = {isa = PBXFileReference; lastKnownFileType = sourcecode.c.h; path = PrefixHeader.pch; sourceTree = "<group>"; };
		425B392B1B4A7940002468F4 /* YKSettingController.h */ = {isa = PBXFileReference; fileEncoding = 4; lastKnownFileType = sourcecode.c.h; path = YKSettingController.h; sourceTree = "<group>"; };
		425B392C1B4A7940002468F4 /* YKSettingController.m */ = {isa = PBXFileReference; fileEncoding = 4; lastKnownFileType = sourcecode.c.objc; path = YKSettingController.m; sourceTree = "<group>"; };
		425B392E1B4A8149002468F4 /* YKFriendController.h */ = {isa = PBXFileReference; fileEncoding = 4; lastKnownFileType = sourcecode.c.h; path = YKFriendController.h; sourceTree = "<group>"; };
		425B392F1B4A8149002468F4 /* YKFriendController.m */ = {isa = PBXFileReference; fileEncoding = 4; lastKnownFileType = sourcecode.c.objc; path = YKFriendController.m; sourceTree = "<group>"; };
		425B39311B4A815F002468F4 /* YKMessageController.h */ = {isa = PBXFileReference; fileEncoding = 4; lastKnownFileType = sourcecode.c.h; path = YKMessageController.h; sourceTree = "<group>"; };
		425B39321B4A815F002468F4 /* YKMessageController.m */ = {isa = PBXFileReference; fileEncoding = 4; lastKnownFileType = sourcecode.c.objc; path = YKMessageController.m; sourceTree = "<group>"; };
		425BD7CD1B3277B10056FEBD /* ChannelPlist.plist */ = {isa = PBXFileReference; fileEncoding = 4; lastKnownFileType = text.plist.xml; path = ChannelPlist.plist; sourceTree = SOURCE_ROOT; };
		425BD7CF1B32AFA20056FEBD /* Images.xcassets */ = {isa = PBXFileReference; lastKnownFileType = folder.assetcatalog; path = Images.xcassets; sourceTree = "<group>"; };
		42656D1E1B157EC200D2AB4B /* example.mov */ = {isa = PBXFileReference; lastKnownFileType = video.quicktime; path = example.mov; sourceTree = "<group>"; };
		42656D241B1597D900D2AB4B /* YKLocationViewController.h */ = {isa = PBXFileReference; fileEncoding = 4; lastKnownFileType = sourcecode.c.h; path = YKLocationViewController.h; sourceTree = "<group>"; };
		42656D251B1597D900D2AB4B /* YKLocationViewController.m */ = {isa = PBXFileReference; fileEncoding = 4; lastKnownFileType = sourcecode.c.objc; path = YKLocationViewController.m; sourceTree = "<group>"; };
		42656D281B15986400D2AB4B /* Singleton.h */ = {isa = PBXFileReference; lastKnownFileType = sourcecode.c.h; path = Singleton.h; sourceTree = "<group>"; };
		42656D291B15987B00D2AB4B /* YKWorkViewController.h */ = {isa = PBXFileReference; fileEncoding = 4; lastKnownFileType = sourcecode.c.h; path = YKWorkViewController.h; sourceTree = "<group>"; };
		42656D2A1B15987B00D2AB4B /* YKWorkViewController.m */ = {isa = PBXFileReference; fileEncoding = 4; lastKnownFileType = sourcecode.c.objc; path = YKWorkViewController.m; sourceTree = "<group>"; };
		426B73C21B188C0800E7EA7E /* example.wav */ = {isa = PBXFileReference; lastKnownFileType = audio.wav; path = example.wav; sourceTree = "<group>"; };
		426B73C31B188C0800E7EA7E /* 1.mov */ = {isa = PBXFileReference; lastKnownFileType = video.quicktime; path = 1.mov; sourceTree = "<group>"; };
		426B73C71B1898F100E7EA7E /* ReuseFrame.h */ = {isa = PBXFileReference; lastKnownFileType = sourcecode.c.h; name = ReuseFrame.h; path = Other/ReuseFrame.h; sourceTree = "<group>"; };
		426F87831B6B14D600624E1B /* YKCommentTableViewCell.h */ = {isa = PBXFileReference; fileEncoding = 4; lastKnownFileType = sourcecode.c.h; path = YKCommentTableViewCell.h; sourceTree = "<group>"; };
		426F87841B6B14D600624E1B /* YKCommentTableViewCell.m */ = {isa = PBXFileReference; fileEncoding = 4; lastKnownFileType = sourcecode.c.objc; path = YKCommentTableViewCell.m; sourceTree = "<group>"; };
		426F87851B6B14D600624E1B /* YKCommentTableViewCell.xib */ = {isa = PBXFileReference; fileEncoding = 4; lastKnownFileType = file.xib; path = YKCommentTableViewCell.xib; sourceTree = "<group>"; };
		426FCD5F1B285B9F00A5DB0E /* YKFavouriteController.h */ = {isa = PBXFileReference; fileEncoding = 4; lastKnownFileType = sourcecode.c.h; path = YKFavouriteController.h; sourceTree = "<group>"; };
		426FCD601B285B9F00A5DB0E /* YKFavouriteController.m */ = {isa = PBXFileReference; fileEncoding = 4; lastKnownFileType = sourcecode.c.objc; path = YKFavouriteController.m; sourceTree = "<group>"; };
		426FCD651B285BDF00A5DB0E /* YKRankController.h */ = {isa = PBXFileReference; fileEncoding = 4; lastKnownFileType = sourcecode.c.h; path = YKRankController.h; sourceTree = "<group>"; };
		426FCD661B285BDF00A5DB0E /* YKRankController.m */ = {isa = PBXFileReference; fileEncoding = 4; lastKnownFileType = sourcecode.c.objc; path = YKRankController.m; sourceTree = "<group>"; };
		426FCD681B2862B400A5DB0E /* YKBrowseTableViewCell.h */ = {isa = PBXFileReference; fileEncoding = 4; lastKnownFileType = sourcecode.c.h; path = YKBrowseTableViewCell.h; sourceTree = "<group>"; };
		426FCD691B2862B400A5DB0E /* YKBrowseTableViewCell.m */ = {isa = PBXFileReference; fileEncoding = 4; lastKnownFileType = sourcecode.c.objc; path = YKBrowseTableViewCell.m; sourceTree = "<group>"; };
		426FCD6A1B2862B400A5DB0E /* YKBrowseTableViewCell.xib */ = {isa = PBXFileReference; fileEncoding = 4; lastKnownFileType = file.xib; path = YKBrowseTableViewCell.xib; sourceTree = "<group>"; };
		4275CC371B29646E006B7690 /* YKChannelViewCell.h */ = {isa = PBXFileReference; fileEncoding = 4; lastKnownFileType = sourcecode.c.h; path = YKChannelViewCell.h; sourceTree = "<group>"; };
		4275CC381B29646E006B7690 /* YKChannelViewCell.m */ = {isa = PBXFileReference; fileEncoding = 4; lastKnownFileType = sourcecode.c.objc; path = YKChannelViewCell.m; sourceTree = "<group>"; };
		4275CC391B29646E006B7690 /* YKChannelViewCell.xib */ = {isa = PBXFileReference; fileEncoding = 4; lastKnownFileType = file.xib; path = YKChannelViewCell.xib; sourceTree = "<group>"; };
		4275CC3C1B296673006B7690 /* YKChannelController.h */ = {isa = PBXFileReference; fileEncoding = 4; lastKnownFileType = sourcecode.c.h; path = YKChannelController.h; sourceTree = "<group>"; };
		4275CC3D1B296673006B7690 /* YKChannelController.m */ = {isa = PBXFileReference; fileEncoding = 4; lastKnownFileType = sourcecode.c.objc; path = YKChannelController.m; sourceTree = "<group>"; };
		42764AA61B33CE54007A4F9E /* YKPersonnalView.h */ = {isa = PBXFileReference; fileEncoding = 4; lastKnownFileType = sourcecode.c.h; path = YKPersonnalView.h; sourceTree = "<group>"; };
		42764AA71B33CE54007A4F9E /* YKPersonnalView.m */ = {isa = PBXFileReference; fileEncoding = 4; lastKnownFileType = sourcecode.c.objc; path = YKPersonnalView.m; sourceTree = "<group>"; };
		42764AA91B33CE65007A4F9E /* YKPersonnalView.xib */ = {isa = PBXFileReference; fileEncoding = 4; lastKnownFileType = file.xib; path = YKPersonnalView.xib; sourceTree = "<group>"; };
		4294A3431B735749009C86B6 /* YKChatMessageCell.h */ = {isa = PBXFileReference; fileEncoding = 4; lastKnownFileType = sourcecode.c.h; path = YKChatMessageCell.h; sourceTree = "<group>"; };
		4294A3441B735749009C86B6 /* YKChatMessageCell.m */ = {isa = PBXFileReference; fileEncoding = 4; lastKnownFileType = sourcecode.c.objc; path = YKChatMessageCell.m; sourceTree = "<group>"; };
		4294A3451B735749009C86B6 /* YKChatMessageCell.xib */ = {isa = PBXFileReference; fileEncoding = 4; lastKnownFileType = file.xib; path = YKChatMessageCell.xib; sourceTree = "<group>"; };
		4297F8F21B143B1B00706B72 /* YKDock.h */ = {isa = PBXFileReference; fileEncoding = 4; lastKnownFileType = sourcecode.c.h; path = YKDock.h; sourceTree = "<group>"; };
		4297F8F31B143B1B00706B72 /* YKDock.m */ = {isa = PBXFileReference; fileEncoding = 4; lastKnownFileType = sourcecode.c.objc; path = YKDock.m; sourceTree = "<group>"; };
		4297F8F41B143B1B00706B72 /* YKDockItem.h */ = {isa = PBXFileReference; fileEncoding = 4; lastKnownFileType = sourcecode.c.h; path = YKDockItem.h; sourceTree = "<group>"; };
		4297F8F51B143B1B00706B72 /* YKDockItem.m */ = {isa = PBXFileReference; fileEncoding = 4; lastKnownFileType = sourcecode.c.objc; path = YKDockItem.m; sourceTree = "<group>"; };
		4297F8FC1B143BD500706B72 /* NSString+File.h */ = {isa = PBXFileReference; fileEncoding = 4; lastKnownFileType = sourcecode.c.h; path = "NSString+File.h"; sourceTree = "<group>"; };
		4297F8FD1B143BD500706B72 /* NSString+File.m */ = {isa = PBXFileReference; fileEncoding = 4; lastKnownFileType = sourcecode.c.objc; path = "NSString+File.m"; sourceTree = "<group>"; };
		4297F8FF1B143D3700706B72 /* YKMainViewController.h */ = {isa = PBXFileReference; fileEncoding = 4; lastKnownFileType = sourcecode.c.h; path = YKMainViewController.h; sourceTree = "<group>"; };
		4297F9001B143D3700706B72 /* YKMainViewController.m */ = {isa = PBXFileReference; fileEncoding = 4; lastKnownFileType = sourcecode.c.objc; path = YKMainViewController.m; sourceTree = "<group>"; };
		4297F9081B144CF100706B72 /* YKPlayViewController.h */ = {isa = PBXFileReference; fileEncoding = 4; lastKnownFileType = sourcecode.c.h; path = YKPlayViewController.h; sourceTree = "<group>"; };
		4297F9091B144CF100706B72 /* YKPlayViewController.m */ = {isa = PBXFileReference; fileEncoding = 4; lastKnownFileType = sourcecode.c.objc; path = YKPlayViewController.m; sourceTree = "<group>"; };
		4297F90B1B144CFB00706B72 /* YKLibraryController.h */ = {isa = PBXFileReference; fileEncoding = 4; lastKnownFileType = sourcecode.c.h; path = YKLibraryController.h; sourceTree = "<group>"; };
		4297F90C1B144CFB00706B72 /* YKLibraryController.m */ = {isa = PBXFileReference; fileEncoding = 4; lastKnownFileType = sourcecode.c.objc; path = YKLibraryController.m; sourceTree = "<group>"; };
		4297F90E1B144D0700706B72 /* YKHomeViewController.h */ = {isa = PBXFileReference; fileEncoding = 4; lastKnownFileType = sourcecode.c.h; path = YKHomeViewController.h; sourceTree = "<group>"; };
		4297F90F1B144D0700706B72 /* YKHomeViewController.m */ = {isa = PBXFileReference; fileEncoding = 4; lastKnownFileType = sourcecode.c.objc; path = YKHomeViewController.m; sourceTree = "<group>"; };
		42A15D3B1B6EFD060029EC0F /* YKPersonInfoController.h */ = {isa = PBXFileReference; fileEncoding = 4; lastKnownFileType = sourcecode.c.h; path = YKPersonInfoController.h; sourceTree = "<group>"; };
		42A15D3C1B6EFD060029EC0F /* YKPersonInfoController.m */ = {isa = PBXFileReference; fileEncoding = 4; lastKnownFileType = sourcecode.c.objc; path = YKPersonInfoController.m; sourceTree = "<group>"; };
		42A15D3F1B70245A0029EC0F /* YKPlaySettingController.h */ = {isa = PBXFileReference; fileEncoding = 4; lastKnownFileType = sourcecode.c.h; path = YKPlaySettingController.h; sourceTree = "<group>"; };
		42A15D401B70245A0029EC0F /* YKPlaySettingController.m */ = {isa = PBXFileReference; fileEncoding = 4; lastKnownFileType = sourcecode.c.objc; path = YKPlaySettingController.m; sourceTree = "<group>"; };
		42A15D421B70329E0029EC0F /* YKMessageSettingController.h */ = {isa = PBXFileReference; fileEncoding = 4; lastKnownFileType = sourcecode.c.h; path = YKMessageSettingController.h; sourceTree = "<group>"; };
		42A15D431B70329E0029EC0F /* YKMessageSettingController.m */ = {isa = PBXFileReference; fileEncoding = 4; lastKnownFileType = sourcecode.c.objc; path = YKMessageSettingController.m; sourceTree = "<group>"; };
		42A15D451B7032D10029EC0F /* TKSuggestSettingController.h */ = {isa = PBXFileReference; fileEncoding = 4; lastKnownFileType = sourcecode.c.h; path = TKSuggestSettingController.h; sourceTree = "<group>"; };
		42A15D461B7032D10029EC0F /* TKSuggestSettingController.m */ = {isa = PBXFileReference; fileEncoding = 4; lastKnownFileType = sourcecode.c.objc; path = TKSuggestSettingController.m; sourceTree = "<group>"; };
		42A15D481B7032E40029EC0F /* YKAboutSettingController.h */ = {isa = PBXFileReference; fileEncoding = 4; lastKnownFileType = sourcecode.c.h; path = YKAboutSettingController.h; sourceTree = "<group>"; };
		42A15D491B7032E40029EC0F /* YKAboutSettingController.m */ = {isa = PBXFileReference; fileEncoding = 4; lastKnownFileType = sourcecode.c.objc; path = YKAboutSettingController.m; sourceTree = "<group>"; };
		42A15D4B1B703A470029EC0F /* YKBrowseAuthorInfoView.h */ = {isa = PBXFileReference; fileEncoding = 4; lastKnownFileType = sourcecode.c.h; path = YKBrowseAuthorInfoView.h; sourceTree = "<group>"; };
		42A15D4C1B703A470029EC0F /* YKBrowseAuthorInfoView.m */ = {isa = PBXFileReference; fileEncoding = 4; lastKnownFileType = sourcecode.c.objc; path = YKBrowseAuthorInfoView.m; sourceTree = "<group>"; };
		42A15D4E1B703A620029EC0F /* YKBrowseAuthorInfoView.xib */ = {isa = PBXFileReference; fileEncoding = 4; lastKnownFileType = file.xib; path = YKBrowseAuthorInfoView.xib; sourceTree = "<group>"; };
		42A15DC11B7088650029EC0F /* MobileCoreServices.framework */ = {isa = PBXFileReference; lastKnownFileType = wrapper.framework; name = MobileCoreServices.framework; path = System/Library/Frameworks/MobileCoreServices.framework; sourceTree = SDKROOT; };
		42A15DC31B7088710029EC0F /* CFNetwork.framework */ = {isa = PBXFileReference; lastKnownFileType = wrapper.framework; name = CFNetwork.framework; path = System/Library/Frameworks/CFNetwork.framework; sourceTree = SDKROOT; };
		42A15DC51B7088DC0029EC0F /* libstdc++.6.0.9.dylib */ = {isa = PBXFileReference; lastKnownFileType = "compiled.mach-o.dylib"; name = "libstdc++.6.0.9.dylib"; path = "usr/lib/libstdc++.6.0.9.dylib"; sourceTree = SDKROOT; };
		42A15DC71B7088F20029EC0F /* libsqlite3.dylib */ = {isa = PBXFileReference; lastKnownFileType = "compiled.mach-o.dylib"; name = libsqlite3.dylib; path = usr/lib/libsqlite3.dylib; sourceTree = SDKROOT; };
		42A15DC91B7088FE0029EC0F /* libxml2.dylib */ = {isa = PBXFileReference; lastKnownFileType = "compiled.mach-o.dylib"; name = libxml2.dylib; path = usr/lib/libxml2.dylib; sourceTree = SDKROOT; };
		42A15DCB1B70890B0029EC0F /* libiconv.dylib */ = {isa = PBXFileReference; lastKnownFileType = "compiled.mach-o.dylib"; name = libiconv.dylib; path = usr/lib/libiconv.dylib; sourceTree = SDKROOT; };
		42A15DCD1B7089160029EC0F /* libz.dylib */ = {isa = PBXFileReference; lastKnownFileType = "compiled.mach-o.dylib"; name = libz.dylib; path = usr/lib/libz.dylib; sourceTree = SDKROOT; };
		42A15DCF1B7089220029EC0F /* libresolv.dylib */ = {isa = PBXFileReference; lastKnownFileType = "compiled.mach-o.dylib"; name = libresolv.dylib; path = usr/lib/libresolv.dylib; sourceTree = SDKROOT; };
		42A28A781B64465600F390EF /* zimu.srt */ = {isa = PBXFileReference; fileEncoding = 4; lastKnownFileType = text; path = zimu.srt; sourceTree = "<group>"; };
		42A8EE171B1D67E100D34EAD /* DefautCover.jpg */ = {isa = PBXFileReference; lastKnownFileType = image.jpeg; path = DefautCover.jpg; sourceTree = "<group>"; };
		42A8EE191B1DDA9400D34EAD /* NSFileManager+Repeat.h */ = {isa = PBXFileReference; fileEncoding = 4; lastKnownFileType = sourcecode.c.h; path = "NSFileManager+Repeat.h"; sourceTree = "<group>"; };
		42A8EE1A1B1DDA9500D34EAD /* NSFileManager+Repeat.m */ = {isa = PBXFileReference; fileEncoding = 4; lastKnownFileType = sourcecode.c.objc; path = "NSFileManager+Repeat.m"; sourceTree = "<group>"; };
		42B5B6E21B1E81600061CF4B /* NSString+FileName.h */ = {isa = PBXFileReference; fileEncoding = 4; lastKnownFileType = sourcecode.c.h; path = "NSString+FileName.h"; sourceTree = "<group>"; };
		42B5B6E31B1E81600061CF4B /* NSString+FileName.m */ = {isa = PBXFileReference; fileEncoding = 4; lastKnownFileType = sourcecode.c.objc; path = "NSString+FileName.m"; sourceTree = "<group>"; };
		42C46A471B1FD92800F6AAAC /* YKLibraryCell.h */ = {isa = PBXFileReference; fileEncoding = 4; lastKnownFileType = sourcecode.c.h; path = YKLibraryCell.h; sourceTree = "<group>"; };
		42C46A481B1FD92800F6AAAC /* YKLibraryCell.m */ = {isa = PBXFileReference; fileEncoding = 4; lastKnownFileType = sourcecode.c.objc; path = YKLibraryCell.m; sourceTree = "<group>"; };
		42C46A4A1B1FD94900F6AAAC /* YKLibraryCell.xib */ = {isa = PBXFileReference; fileEncoding = 4; lastKnownFileType = file.xib; path = YKLibraryCell.xib; sourceTree = "<group>"; };
		42C46A811B20808F00F6AAAC /* YKHomeSelectView.h */ = {isa = PBXFileReference; fileEncoding = 4; lastKnownFileType = sourcecode.c.h; path = YKHomeSelectView.h; sourceTree = "<group>"; };
		42C46A821B20808F00F6AAAC /* YKHomeSelectView.m */ = {isa = PBXFileReference; fileEncoding = 4; lastKnownFileType = sourcecode.c.objc; path = YKHomeSelectView.m; sourceTree = "<group>"; };
		42C46A861B20814D00F6AAAC /* YKSelectButton.h */ = {isa = PBXFileReference; fileEncoding = 4; lastKnownFileType = sourcecode.c.h; path = YKSelectButton.h; sourceTree = "<group>"; };
		42C46A871B20814D00F6AAAC /* YKSelectButton.m */ = {isa = PBXFileReference; fileEncoding = 4; lastKnownFileType = sourcecode.c.objc; path = YKSelectButton.m; sourceTree = "<group>"; };
		42C46A891B20815F00F6AAAC /* YKSelectButton.xib */ = {isa = PBXFileReference; fileEncoding = 4; lastKnownFileType = file.xib; path = YKSelectButton.xib; sourceTree = "<group>"; };
		42C585D31B0AFAF0005BE52E /* Yinner.app */ = {isa = PBXFileReference; explicitFileType = wrapper.application; includeInIndex = 0; path = Yinner.app; sourceTree = BUILT_PRODUCTS_DIR; };
		42C585D71B0AFAF0005BE52E /* Info.plist */ = {isa = PBXFileReference; lastKnownFileType = text.plist.xml; path = Info.plist; sourceTree = "<group>"; };
		42C585D81B0AFAF0005BE52E /* main.m */ = {isa = PBXFileReference; lastKnownFileType = sourcecode.c.objc; path = main.m; sourceTree = "<group>"; };
		42C585DA1B0AFAF0005BE52E /* AppDelegate.h */ = {isa = PBXFileReference; lastKnownFileType = sourcecode.c.h; path = AppDelegate.h; sourceTree = "<group>"; };
		42C585DB1B0AFAF0005BE52E /* AppDelegate.m */ = {isa = PBXFileReference; lastKnownFileType = sourcecode.c.objc; path = AppDelegate.m; sourceTree = "<group>"; };
		42C585E11B0AFAF0005BE52E /* Base */ = {isa = PBXFileReference; lastKnownFileType = file.storyboard; name = Base; path = Base.lproj/Main.storyboard; sourceTree = "<group>"; };
		42C585E61B0AFAF0005BE52E /* Base */ = {isa = PBXFileReference; lastKnownFileType = file.xib; name = Base; path = Base.lproj/LaunchScreen.xib; sourceTree = "<group>"; };
		42C585EC1B0AFAF0005BE52E /* YinnerTests.xctest */ = {isa = PBXFileReference; explicitFileType = wrapper.cfbundle; includeInIndex = 0; path = YinnerTests.xctest; sourceTree = BUILT_PRODUCTS_DIR; };
		42C585F11B0AFAF0005BE52E /* Info.plist */ = {isa = PBXFileReference; lastKnownFileType = text.plist.xml; path = Info.plist; sourceTree = "<group>"; };
		42C585F21B0AFAF0005BE52E /* YinnerTests.m */ = {isa = PBXFileReference; lastKnownFileType = sourcecode.c.objc; path = YinnerTests.m; sourceTree = "<group>"; };
		42D71B001B63628E00567F3B /* YKBrowseViewController.h */ = {isa = PBXFileReference; fileEncoding = 4; lastKnownFileType = sourcecode.c.h; path = YKBrowseViewController.h; sourceTree = "<group>"; };
		42D71B011B63628E00567F3B /* YKBrowseViewController.m */ = {isa = PBXFileReference; fileEncoding = 4; lastKnownFileType = sourcecode.c.objc; path = YKBrowseViewController.m; sourceTree = "<group>"; };
		42D71B051B638B1000567F3B /* YKPlayTableViewCell.h */ = {isa = PBXFileReference; fileEncoding = 4; lastKnownFileType = sourcecode.c.h; path = YKPlayTableViewCell.h; sourceTree = "<group>"; };
		42D71B061B638B1000567F3B /* YKPlayTableViewCell.m */ = {isa = PBXFileReference; fileEncoding = 4; lastKnownFileType = sourcecode.c.objc; path = YKPlayTableViewCell.m; sourceTree = "<group>"; };
		42D71B071B638B1000567F3B /* YKPlayTableViewCell.xib */ = {isa = PBXFileReference; fileEncoding = 4; lastKnownFileType = file.xib; path = YKPlayTableViewCell.xib; sourceTree = "<group>"; };
		42E644F31B17099400247877 /* AVFoundation.framework */ = {isa = PBXFileReference; lastKnownFileType = wrapper.framework; name = AVFoundation.framework; path = System/Library/Frameworks/AVFoundation.framework; sourceTree = SDKROOT; };
		42E644F51B17099D00247877 /* CoreAudio.framework */ = {isa = PBXFileReference; lastKnownFileType = wrapper.framework; name = CoreAudio.framework; path = System/Library/Frameworks/CoreAudio.framework; sourceTree = SDKROOT; };
		42F4BD101B1C4D7D00E23726 /* MediaModel.xcdatamodel */ = {isa = PBXFileReference; lastKnownFileType = wrapper.xcdatamodel; path = MediaModel.xcdatamodel; sourceTree = "<group>"; };
		42F4BD121B1C54DD00E23726 /* YKCoreDataManager.h */ = {isa = PBXFileReference; fileEncoding = 4; lastKnownFileType = sourcecode.c.h; path = YKCoreDataManager.h; sourceTree = "<group>"; };
		42F4BD131B1C54DD00E23726 /* YKCoreDataManager.m */ = {isa = PBXFileReference; fileEncoding = 4; lastKnownFileType = sourcecode.c.objc; path = YKCoreDataManager.m; sourceTree = "<group>"; };
		42F4BD151B1C597400E23726 /* CoreData.framework */ = {isa = PBXFileReference; lastKnownFileType = wrapper.framework; name = CoreData.framework; path = System/Library/Frameworks/CoreData.framework; sourceTree = SDKROOT; };
		42F4BD191B1C89F300E23726 /* NSDate+Current.h */ = {isa = PBXFileReference; fileEncoding = 4; lastKnownFileType = sourcecode.c.h; path = "NSDate+Current.h"; sourceTree = "<group>"; };
		42F4BD1A1B1C89F300E23726 /* NSDate+Current.m */ = {isa = PBXFileReference; fileEncoding = 4; lastKnownFileType = sourcecode.c.objc; path = "NSDate+Current.m"; sourceTree = "<group>"; };
		42FF56111B719D6300C7781D /* YKLoginViewController.h */ = {isa = PBXFileReference; fileEncoding = 4; lastKnownFileType = sourcecode.c.h; path = YKLoginViewController.h; sourceTree = "<group>"; };
		42FF56121B719D6300C7781D /* YKLoginViewController.m */ = {isa = PBXFileReference; fileEncoding = 4; lastKnownFileType = sourcecode.c.objc; path = YKLoginViewController.m; sourceTree = "<group>"; };
		42FF56171B71C42700C7781D /* ReuseKey.h */ = {isa = PBXFileReference; lastKnownFileType = sourcecode.c.h; path = ReuseKey.h; sourceTree = "<group>"; };
		42FF56181B72DB8400C7781D /* NSString+Valid.h */ = {isa = PBXFileReference; fileEncoding = 4; lastKnownFileType = sourcecode.c.h; path = "NSString+Valid.h"; sourceTree = "<group>"; };
		42FF56191B72DB8400C7781D /* NSString+Valid.m */ = {isa = PBXFileReference; fileEncoding = 4; lastKnownFileType = sourcecode.c.objc; path = "NSString+Valid.m"; sourceTree = "<group>"; };
		42FF561B1B72E36E00C7781D /* YKChatViewController.h */ = {isa = PBXFileReference; fileEncoding = 4; lastKnownFileType = sourcecode.c.h; path = YKChatViewController.h; sourceTree = "<group>"; };
		42FF561C1B72E36E00C7781D /* YKChatViewController.m */ = {isa = PBXFileReference; fileEncoding = 4; lastKnownFileType = sourcecode.c.objc; path = YKChatViewController.m; sourceTree = "<group>"; };
		D911E37F7CBA5D8373180423 /* libPods.a */ = {isa = PBXFileReference; explicitFileType = archive.ar; includeInIndex = 0; path = libPods.a; sourceTree = BUILT_PRODUCTS_DIR; };
		F073887A5EC671A59ED481CE /* Pods.release.xcconfig */ = {isa = PBXFileReference; includeInIndex = 1; lastKnownFileType = text.xcconfig; name = Pods.release.xcconfig; path = "Pods/Target Support Files/Pods/Pods.release.xcconfig"; sourceTree = "<group>"; };
		F53DF99BD8E6F4B8D9AB68DC /* Pods.debug.xcconfig */ = {isa = PBXFileReference; includeInIndex = 1; lastKnownFileType = text.xcconfig; name = Pods.debug.xcconfig; path = "Pods/Target Support Files/Pods/Pods.debug.xcconfig"; sourceTree = "<group>"; };
/* End PBXFileReference section */

/* Begin PBXFrameworksBuildPhase section */
		42C585D01B0AFAF0005BE52E /* Frameworks */ = {
			isa = PBXFrameworksBuildPhase;
			buildActionMask = 2147483647;
			files = (
				42A15DD01B7089220029EC0F /* libresolv.dylib in Frameworks */,
				42A15DCE1B7089160029EC0F /* libz.dylib in Frameworks */,
				42A15DCC1B70890B0029EC0F /* libiconv.dylib in Frameworks */,
				42A15DCA1B7088FE0029EC0F /* libxml2.dylib in Frameworks */,
				42A15DC81B7088F20029EC0F /* libsqlite3.dylib in Frameworks */,
				42A15DC61B7088DC0029EC0F /* libstdc++.6.0.9.dylib in Frameworks */,
				42A15DC41B7088710029EC0F /* CFNetwork.framework in Frameworks */,
				42A15DC21B7088650029EC0F /* MobileCoreServices.framework in Frameworks */,
				42F4BD161B1C597400E23726 /* CoreData.framework in Frameworks */,
				42E644F61B17099D00247877 /* CoreAudio.framework in Frameworks */,
				42E644F41B17099400247877 /* AVFoundation.framework in Frameworks */,
				597978221B5EC40915C43DEC /* libPods.a in Frameworks */,
			);
			runOnlyForDeploymentPostprocessing = 0;
		};
		42C585E91B0AFAF0005BE52E /* Frameworks */ = {
			isa = PBXFrameworksBuildPhase;
			buildActionMask = 2147483647;
			files = (
			);
			runOnlyForDeploymentPostprocessing = 0;
		};
/* End PBXFrameworksBuildPhase section */

/* Begin PBXGroup section */
		1800AC6A1B1A165600F0F4B6 /* Plist */ = {
			isa = PBXGroup;
			children = (
				425BD7CD1B3277B10056FEBD /* ChannelPlist.plist */,
				421A686A1B33F4B2002E249A /* PersonnalPlist.plist */,
				424AE19F1B5A420900DF35A2 /* MatterSort.plist */,
			);
			path = Plist;
			sourceTree = "<group>";
		};
		1800AC6D1B1A21FF00F0F4B6 /* Model */ = {
			isa = PBXGroup;
			children = (
				183941331B1E05DF0086B537 /* YKLocationMediaModel.h */,
				183941341B1E05DF0086B537 /* YKLocationMediaModel.m */,
			);
			path = Model;
			sourceTree = "<group>";
		};
		2B142949B1845E1D05C96578 /* Pods */ = {
			isa = PBXGroup;
			children = (
				F53DF99BD8E6F4B8D9AB68DC /* Pods.debug.xcconfig */,
				F073887A5EC671A59ED481CE /* Pods.release.xcconfig */,
			);
			name = Pods;
			sourceTree = "<group>";
		};
		4204950E1B7C89FE00FD3150 /* Model */ = {
			isa = PBXGroup;
			children = (
				4204950B1B7C7BC900FD3150 /* YKContactModel.h */,
				4204950C1B7C7BC900FD3150 /* YKContactModel.m */,
			);
			name = Model;
			sourceTree = "<group>";
		};
		42656D1B1B157C2E00D2AB4B /* ThirdLib */ = {
			isa = PBXGroup;
			children = (
			);
			name = ThirdLib;
			path = Lib;
			sourceTree = "<group>";
		};
		42656D1D1B157CCC00D2AB4B /* Resource */ = {
			isa = PBXGroup;
			children = (
				42A28A781B64465600F390EF /* zimu.srt */,
				425BD7CF1B32AFA20056FEBD /* Images.xcassets */,
				1800AC6A1B1A165600F0F4B6 /* Plist */,
				426B73C21B188C0800E7EA7E /* example.wav */,
				426B73C31B188C0800E7EA7E /* 1.mov */,
				42A8EE171B1D67E100D34EAD /* DefautCover.jpg */,
				42656D1E1B157EC200D2AB4B /* example.mov */,
			);
			path = Resource;
			sourceTree = "<group>";
		};
		42656D231B1597A300D2AB4B /* Location */ = {
			isa = PBXGroup;
			children = (
				42656D241B1597D900D2AB4B /* YKLocationViewController.h */,
				42656D251B1597D900D2AB4B /* YKLocationViewController.m */,
			);
			path = Location;
			sourceTree = "<group>";
		};
		42656D271B1597F900D2AB4B /* Toolkit */ = {
			isa = PBXGroup;
			children = (
				426F877F1B6B133800624E1B /* View */,
				42656D281B15986400D2AB4B /* Singleton.h */,
				42656D291B15987B00D2AB4B /* YKWorkViewController.h */,
				42656D2A1B15987B00D2AB4B /* YKWorkViewController.m */,
				42F4BD121B1C54DD00E23726 /* YKCoreDataManager.h */,
				42F4BD131B1C54DD00E23726 /* YKCoreDataManager.m */,
				42D71B001B63628E00567F3B /* YKBrowseViewController.h */,
				42D71B011B63628E00567F3B /* YKBrowseViewController.m */,
			);
			name = Toolkit;
			path = ToolKit;
			sourceTree = "<group>";
		};
		426F877F1B6B133800624E1B /* View */ = {
			isa = PBXGroup;
			children = (
				426F87831B6B14D600624E1B /* YKCommentTableViewCell.h */,
				426F87841B6B14D600624E1B /* YKCommentTableViewCell.m */,
				426F87851B6B14D600624E1B /* YKCommentTableViewCell.xib */,
				42A15D4B1B703A470029EC0F /* YKBrowseAuthorInfoView.h */,
				42A15D4C1B703A470029EC0F /* YKBrowseAuthorInfoView.m */,
				42A15D4E1B703A620029EC0F /* YKBrowseAuthorInfoView.xib */,
			);
			name = View;
			sourceTree = "<group>";
		};
		426FCD5E1B285B6600A5DB0E /* SubController */ = {
			isa = PBXGroup;
			children = (
				426FCD5F1B285B9F00A5DB0E /* YKFavouriteController.h */,
				426FCD601B285B9F00A5DB0E /* YKFavouriteController.m */,
				426FCD651B285BDF00A5DB0E /* YKRankController.h */,
				426FCD661B285BDF00A5DB0E /* YKRankController.m */,
				4275CC3C1B296673006B7690 /* YKChannelController.h */,
				4275CC3D1B296673006B7690 /* YKChannelController.m */,
			);
			name = SubController;
			sourceTree = "<group>";
		};
		4273A5271B12CF2900871B44 /* BasicController */ = {
			isa = PBXGroup;
			children = (
				42764AA51B33CE14007A4F9E /* Personnal */,
				4297F8FF1B143D3700706B72 /* YKMainViewController.h */,
				4297F9001B143D3700706B72 /* YKMainViewController.m */,
				4297F8F21B143B1B00706B72 /* YKDock.h */,
				4297F8F31B143B1B00706B72 /* YKDock.m */,
				4297F8F41B143B1B00706B72 /* YKDockItem.h */,
				4297F8F51B143B1B00706B72 /* YKDockItem.m */,
				42FF56111B719D6300C7781D /* YKLoginViewController.h */,
				42FF56121B719D6300C7781D /* YKLoginViewController.m */,
			);
			path = BasicController;
			sourceTree = "<group>";
		};
		42764AA51B33CE14007A4F9E /* Personnal */ = {
			isa = PBXGroup;
			children = (
				42A15D3E1B7024360029EC0F /* SubVC */,
				42BB757D1B6DE98D00BADD5C /* View */,
				42764AA61B33CE54007A4F9E /* YKPersonnalView.h */,
				42764AA71B33CE54007A4F9E /* YKPersonnalView.m */,
				42764AA91B33CE65007A4F9E /* YKPersonnalView.xib */,
				425B392B1B4A7940002468F4 /* YKSettingController.h */,
				425B392C1B4A7940002468F4 /* YKSettingController.m */,
				425B392E1B4A8149002468F4 /* YKFriendController.h */,
				425B392F1B4A8149002468F4 /* YKFriendController.m */,
				425B39311B4A815F002468F4 /* YKMessageController.h */,
				425B39321B4A815F002468F4 /* YKMessageController.m */,
				42A15D3B1B6EFD060029EC0F /* YKPersonInfoController.h */,
				42A15D3C1B6EFD060029EC0F /* YKPersonInfoController.m */,
			);
			path = Personnal;
			sourceTree = "<group>";
		};
		4297F8F81B143B7200706B72 /* Category */ = {
			isa = PBXGroup;
			children = (
				421A3AD61B7852B800E62D9A /* UIImage+Image.h */,
				421A3AD71B7852B800E62D9A /* UIImage+Image.m */,
				42B5B6E21B1E81600061CF4B /* NSString+FileName.h */,
				42B5B6E31B1E81600061CF4B /* NSString+FileName.m */,
				4297F8FC1B143BD500706B72 /* NSString+File.h */,
				4297F8FD1B143BD500706B72 /* NSString+File.m */,
				42F4BD191B1C89F300E23726 /* NSDate+Current.h */,
				42F4BD1A1B1C89F300E23726 /* NSDate+Current.m */,
				42A8EE191B1DDA9400D34EAD /* NSFileManager+Repeat.h */,
				42A8EE1A1B1DDA9500D34EAD /* NSFileManager+Repeat.m */,
				42FF56181B72DB8400C7781D /* NSString+Valid.h */,
				42FF56191B72DB8400C7781D /* NSString+Valid.m */,
				42046FB11B8075BD0042BDD7 /* NSString+Size.h */,
				42046FB21B8075BD0042BDD7 /* NSString+Size.m */,
			);
			path = Category;
			sourceTree = "<group>";
		};
		4297F9051B144C4700706B72 /* Home */ = {
			isa = PBXGroup;
			children = (
				426FCD5E1B285B6600A5DB0E /* SubController */,
				42C46A801B20806500F6AAAC /* View */,
				4297F90E1B144D0700706B72 /* YKHomeViewController.h */,
				4297F90F1B144D0700706B72 /* YKHomeViewController.m */,
			);
			path = Home;
			sourceTree = "<group>";
		};
		4297F9061B144C6400706B72 /* Library */ = {
			isa = PBXGroup;
			children = (
				42C46A461B1FD8F500F6AAAC /* View */,
				1800AC6D1B1A21FF00F0F4B6 /* Model */,
				4297F90B1B144CFB00706B72 /* YKLibraryController.h */,
				4297F90C1B144CFB00706B72 /* YKLibraryController.m */,
			);
			name = Library;
			path = More;
			sourceTree = "<group>";
		};
		4297F9071B144C6A00706B72 /* Play */ = {
			isa = PBXGroup;
			children = (
				4297F9081B144CF100706B72 /* YKPlayViewController.h */,
				4297F9091B144CF100706B72 /* YKPlayViewController.m */,
				42D71B041B638AE900567F3B /* View */,
				42656D231B1597A300D2AB4B /* Location */,
			);
			path = Play;
			sourceTree = "<group>";
		};
		42A15D3E1B7024360029EC0F /* SubVC */ = {
			isa = PBXGroup;
			children = (
				4204950E1B7C89FE00FD3150 /* Model */,
				42A15D3F1B70245A0029EC0F /* YKPlaySettingController.h */,
				42A15D401B70245A0029EC0F /* YKPlaySettingController.m */,
				42A15D421B70329E0029EC0F /* YKMessageSettingController.h */,
				42A15D431B70329E0029EC0F /* YKMessageSettingController.m */,
				42A15D451B7032D10029EC0F /* TKSuggestSettingController.h */,
				42A15D461B7032D10029EC0F /* TKSuggestSettingController.m */,
				42A15D481B7032E40029EC0F /* YKAboutSettingController.h */,
				42A15D491B7032E40029EC0F /* YKAboutSettingController.m */,
				42FF561B1B72E36E00C7781D /* YKChatViewController.h */,
				42FF561C1B72E36E00C7781D /* YKChatViewController.m */,
				421A3AD91B7A1DD900E62D9A /* YKSearchFriendController.h */,
				421A3ADA1B7A1DD900E62D9A /* YKSearchFriendController.m */,
			);
			name = SubVC;
			sourceTree = "<group>";
		};
		42BB757D1B6DE98D00BADD5C /* View */ = {
			isa = PBXGroup;
			children = (
				421A68651B33F1AC002E249A /* YKPersonnalCell.h */,
				421A68661B33F1AC002E249A /* YKPersonnalCell.m */,
				421A68671B33F1AC002E249A /* YKPersonnalCell.xib */,
				4294A3431B735749009C86B6 /* YKChatMessageCell.h */,
				4294A3441B735749009C86B6 /* YKChatMessageCell.m */,
				4294A3451B735749009C86B6 /* YKChatMessageCell.xib */,
				420495061B7C78C100FD3150 /* YKContactTableViewCell.h */,
				420495071B7C78C100FD3150 /* YKContactTableViewCell.m */,
				420495081B7C78C100FD3150 /* YKContactTableViewCell.xib */,
				4204950F1B7C8C7500FD3150 /* YKChatViewCell.h */,
				420495101B7C8C7500FD3150 /* YKChatViewCell.m */,
			);
			name = View;
			sourceTree = "<group>";
		};
		42C46A461B1FD8F500F6AAAC /* View */ = {
			isa = PBXGroup;
			children = (
				42C46A471B1FD92800F6AAAC /* YKLibraryCell.h */,
				42C46A481B1FD92800F6AAAC /* YKLibraryCell.m */,
				42C46A4A1B1FD94900F6AAAC /* YKLibraryCell.xib */,
			);
			path = View;
			sourceTree = "<group>";
		};
		42C46A801B20806500F6AAAC /* View */ = {
			isa = PBXGroup;
			children = (
				42C46A811B20808F00F6AAAC /* YKHomeSelectView.h */,
				42C46A821B20808F00F6AAAC /* YKHomeSelectView.m */,
				42C46A861B20814D00F6AAAC /* YKSelectButton.h */,
				42C46A871B20814D00F6AAAC /* YKSelectButton.m */,
				42C46A891B20815F00F6AAAC /* YKSelectButton.xib */,
				4236B2F11B269DF4005B7D43 /* YKBrowseViewCell.h */,
				4236B2F21B269DF4005B7D43 /* YKBrowseViewCell.m */,
				4236B2F31B269DF4005B7D43 /* YKBrowseViewCell.xib */,
				426FCD681B2862B400A5DB0E /* YKBrowseTableViewCell.h */,
				426FCD691B2862B400A5DB0E /* YKBrowseTableViewCell.m */,
				426FCD6A1B2862B400A5DB0E /* YKBrowseTableViewCell.xib */,
				4275CC371B29646E006B7690 /* YKChannelViewCell.h */,
				4275CC381B29646E006B7690 /* YKChannelViewCell.m */,
				4275CC391B29646E006B7690 /* YKChannelViewCell.xib */,
			);
			name = View;
			sourceTree = "<group>";
		};
		42C585CA1B0AFAF0005BE52E = {
			isa = PBXGroup;
			children = (
				42C585D51B0AFAF0005BE52E /* Yinner */,
				42C585EF1B0AFAF0005BE52E /* YinnerTests */,
				42C585D41B0AFAF0005BE52E /* Products */,
				2B142949B1845E1D05C96578 /* Pods */,
				4A5EECD4D2F2C38269793CFC /* Frameworks */,
			);
			sourceTree = "<group>";
		};
		42C585D41B0AFAF0005BE52E /* Products */ = {
			isa = PBXGroup;
			children = (
				42C585D31B0AFAF0005BE52E /* Yinner.app */,
				42C585EC1B0AFAF0005BE52E /* YinnerTests.xctest */,
			);
			name = Products;
			sourceTree = "<group>";
		};
		42C585D51B0AFAF0005BE52E /* Yinner */ = {
			isa = PBXGroup;
			children = (
				42656D1D1B157CCC00D2AB4B /* Resource */,
				42C585FD1B0AFBE2005BE52E /* Other */,
				42C585FC1B0AFBC2005BE52E /* Classes */,
				42C585D61B0AFAF0005BE52E /* Supporting Files */,
			);
			path = Yinner;
			sourceTree = "<group>";
		};
		42C585D61B0AFAF0005BE52E /* Supporting Files */ = {
			isa = PBXGroup;
			children = (
				42C585D71B0AFAF0005BE52E /* Info.plist */,
				42C585D81B0AFAF0005BE52E /* main.m */,
			);
			name = "Supporting Files";
			sourceTree = "<group>";
		};
		42C585EF1B0AFAF0005BE52E /* YinnerTests */ = {
			isa = PBXGroup;
			children = (
				42C585F21B0AFAF0005BE52E /* YinnerTests.m */,
				42C585F01B0AFAF0005BE52E /* Supporting Files */,
			);
			path = YinnerTests;
			sourceTree = "<group>";
		};
		42C585F01B0AFAF0005BE52E /* Supporting Files */ = {
			isa = PBXGroup;
			children = (
				42C585F11B0AFAF0005BE52E /* Info.plist */,
			);
			name = "Supporting Files";
			sourceTree = "<group>";
		};
		42C585FC1B0AFBC2005BE52E /* Classes */ = {
			isa = PBXGroup;
			children = (
				42656D271B1597F900D2AB4B /* Toolkit */,
				42656D1B1B157C2E00D2AB4B /* ThirdLib */,
				4297F8F81B143B7200706B72 /* Category */,
				4297F9071B144C6A00706B72 /* Play */,
				4297F9061B144C6400706B72 /* Library */,
				4297F9051B144C4700706B72 /* Home */,
				4273A5271B12CF2900871B44 /* BasicController */,
			);
			path = Classes;
			sourceTree = "<group>";
		};
		42C585FD1B0AFBE2005BE52E /* Other */ = {
			isa = PBXGroup;
			children = (
				42C585E01B0AFAF0005BE52E /* Main.storyboard */,
				42C585E51B0AFAF0005BE52E /* LaunchScreen.xib */,
				426B73C71B1898F100E7EA7E /* ReuseFrame.h */,
				42C585DA1B0AFAF0005BE52E /* AppDelegate.h */,
				42C585DB1B0AFAF0005BE52E /* AppDelegate.m */,
				42F4BD0F1B1C4D7D00E23726 /* MediaModel.xcdatamodeld */,
				424BA59E1B70914500BCA0FE /* PrefixHeader.pch */,
				42FF56171B71C42700C7781D /* ReuseKey.h */,
			);
			name = Other;
			sourceTree = "<group>";
		};
		42D71B041B638AE900567F3B /* View */ = {
			isa = PBXGroup;
			children = (
				42D71B051B638B1000567F3B /* YKPlayTableViewCell.h */,
				42D71B061B638B1000567F3B /* YKPlayTableViewCell.m */,
				42D71B071B638B1000567F3B /* YKPlayTableViewCell.xib */,
			);
			name = View;
			sourceTree = "<group>";
		};
		4A5EECD4D2F2C38269793CFC /* Frameworks */ = {
			isa = PBXGroup;
			children = (
				42A15DCF1B7089220029EC0F /* libresolv.dylib */,
				42A15DCD1B7089160029EC0F /* libz.dylib */,
				42A15DCB1B70890B0029EC0F /* libiconv.dylib */,
				42A15DC91B7088FE0029EC0F /* libxml2.dylib */,
				42A15DC71B7088F20029EC0F /* libsqlite3.dylib */,
				42A15DC51B7088DC0029EC0F /* libstdc++.6.0.9.dylib */,
				42A15DC31B7088710029EC0F /* CFNetwork.framework */,
				42A15DC11B7088650029EC0F /* MobileCoreServices.framework */,
				42F4BD151B1C597400E23726 /* CoreData.framework */,
				42E644F51B17099D00247877 /* CoreAudio.framework */,
				42E644F31B17099400247877 /* AVFoundation.framework */,
				D911E37F7CBA5D8373180423 /* libPods.a */,
			);
			name = Frameworks;
			sourceTree = "<group>";
		};
/* End PBXGroup section */

/* Begin PBXNativeTarget section */
		42C585D21B0AFAF0005BE52E /* Yinner */ = {
			isa = PBXNativeTarget;
			buildConfigurationList = 42C585F61B0AFAF0005BE52E /* Build configuration list for PBXNativeTarget "Yinner" */;
			buildPhases = (
				9293B5FDF6A37EC431F0C7A8 /* Check Pods Manifest.lock */,
				42C585CF1B0AFAF0005BE52E /* Sources */,
				42C585D01B0AFAF0005BE52E /* Frameworks */,
				42C585D11B0AFAF0005BE52E /* Resources */,
				0CC8FA2513C3F8A66B383E24 /* Copy Pods Resources */,
			);
			buildRules = (
			);
			dependencies = (
			);
			name = Yinner;
			productName = Yinner;
			productReference = 42C585D31B0AFAF0005BE52E /* Yinner.app */;
			productType = "com.apple.product-type.application";
		};
		42C585EB1B0AFAF0005BE52E /* YinnerTests */ = {
			isa = PBXNativeTarget;
			buildConfigurationList = 42C585F91B0AFAF0005BE52E /* Build configuration list for PBXNativeTarget "YinnerTests" */;
			buildPhases = (
				42C585E81B0AFAF0005BE52E /* Sources */,
				42C585E91B0AFAF0005BE52E /* Frameworks */,
				42C585EA1B0AFAF0005BE52E /* Resources */,
			);
			buildRules = (
			);
			dependencies = (
				42C585EE1B0AFAF0005BE52E /* PBXTargetDependency */,
			);
			name = YinnerTests;
			productName = YinnerTests;
			productReference = 42C585EC1B0AFAF0005BE52E /* YinnerTests.xctest */;
			productType = "com.apple.product-type.bundle.unit-test";
		};
/* End PBXNativeTarget section */

/* Begin PBXProject section */
		42C585CB1B0AFAF0005BE52E /* Project object */ = {
			isa = PBXProject;
			attributes = {
				LastUpgradeCheck = 0610;
				ORGANIZATIONNAME = Alloc;
				TargetAttributes = {
					42C585D21B0AFAF0005BE52E = {
						CreatedOnToolsVersion = 6.1;
					};
					42C585EB1B0AFAF0005BE52E = {
						CreatedOnToolsVersion = 6.1;
						TestTargetID = 42C585D21B0AFAF0005BE52E;
					};
				};
			};
			buildConfigurationList = 42C585CE1B0AFAF0005BE52E /* Build configuration list for PBXProject "Yinner" */;
			compatibilityVersion = "Xcode 3.2";
			developmentRegion = English;
			hasScannedForEncodings = 0;
			knownRegions = (
				en,
				Base,
			);
			mainGroup = 42C585CA1B0AFAF0005BE52E;
			productRefGroup = 42C585D41B0AFAF0005BE52E /* Products */;
			projectDirPath = "";
			projectRoot = "";
			targets = (
				42C585D21B0AFAF0005BE52E /* Yinner */,
				42C585EB1B0AFAF0005BE52E /* YinnerTests */,
			);
		};
/* End PBXProject section */

/* Begin PBXResourcesBuildPhase section */
		42C585D11B0AFAF0005BE52E /* Resources */ = {
			isa = PBXResourcesBuildPhase;
			buildActionMask = 2147483647;
			files = (
				426B73C51B188C0800E7EA7E /* 1.mov in Resources */,
				425BD7CE1B3277B10056FEBD /* ChannelPlist.plist in Resources */,
				421A68691B33F1AC002E249A /* YKPersonnalCell.xib in Resources */,
				42D71B091B638B1000567F3B /* YKPlayTableViewCell.xib in Resources */,
				426B73C41B188C0800E7EA7E /* example.wav in Resources */,
				42764AAA1B33CE65007A4F9E /* YKPersonnalView.xib in Resources */,
				425BD7D01B32AFA20056FEBD /* Images.xcassets in Resources */,
				42656D1F1B157EC200D2AB4B /* example.mov in Resources */,
				42A28A791B64465600F390EF /* zimu.srt in Resources */,
				4294A3471B735749009C86B6 /* YKChatMessageCell.xib in Resources */,
				42C46A4B1B1FD94900F6AAAC /* YKLibraryCell.xib in Resources */,
				42C585E21B0AFAF0005BE52E /* Main.storyboard in Resources */,
				4236B2F51B269DF4005B7D43 /* YKBrowseViewCell.xib in Resources */,
				42A15D4F1B703A620029EC0F /* YKBrowseAuthorInfoView.xib in Resources */,
				4204950A1B7C78C100FD3150 /* YKContactTableViewCell.xib in Resources */,
				42C585E71B0AFAF0005BE52E /* LaunchScreen.xib in Resources */,
				426F87871B6B14D600624E1B /* YKCommentTableViewCell.xib in Resources */,
				42A8EE181B1D67E100D34EAD /* DefautCover.jpg in Resources */,
				421A686B1B33F4B2002E249A /* PersonnalPlist.plist in Resources */,
				426FCD6C1B2862B400A5DB0E /* YKBrowseTableViewCell.xib in Resources */,
				424AE1A01B5A420900DF35A2 /* MatterSort.plist in Resources */,
				42C46A8A1B20815F00F6AAAC /* YKSelectButton.xib in Resources */,
				4275CC3B1B29646E006B7690 /* YKChannelViewCell.xib in Resources */,
			);
			runOnlyForDeploymentPostprocessing = 0;
		};
		42C585EA1B0AFAF0005BE52E /* Resources */ = {
			isa = PBXResourcesBuildPhase;
			buildActionMask = 2147483647;
			files = (
			);
			runOnlyForDeploymentPostprocessing = 0;
		};
/* End PBXResourcesBuildPhase section */

/* Begin PBXShellScriptBuildPhase section */
		0CC8FA2513C3F8A66B383E24 /* Copy Pods Resources */ = {
			isa = PBXShellScriptBuildPhase;
			buildActionMask = 2147483647;
			files = (
			);
			inputPaths = (
			);
			name = "Copy Pods Resources";
			outputPaths = (
			);
			runOnlyForDeploymentPostprocessing = 0;
			shellPath = /bin/sh;
			shellScript = "\"${SRCROOT}/Pods/Target Support Files/Pods/Pods-resources.sh\"\n";
			showEnvVarsInLog = 0;
		};
		9293B5FDF6A37EC431F0C7A8 /* Check Pods Manifest.lock */ = {
			isa = PBXShellScriptBuildPhase;
			buildActionMask = 2147483647;
			files = (
			);
			inputPaths = (
			);
			name = "Check Pods Manifest.lock";
			outputPaths = (
			);
			runOnlyForDeploymentPostprocessing = 0;
			shellPath = /bin/sh;
			shellScript = "diff \"${PODS_ROOT}/../Podfile.lock\" \"${PODS_ROOT}/Manifest.lock\" > /dev/null\nif [[ $? != 0 ]] ; then\n    cat << EOM\nerror: The sandbox is not in sync with the Podfile.lock. Run 'pod install' or update your CocoaPods installation.\nEOM\n    exit 1\nfi\n";
			showEnvVarsInLog = 0;
		};
/* End PBXShellScriptBuildPhase section */

/* Begin PBXSourcesBuildPhase section */
		42C585CF1B0AFAF0005BE52E /* Sources */ = {
			isa = PBXSourcesBuildPhase;
			buildActionMask = 2147483647;
			files = (
				42656D2B1B15987B00D2AB4B /* YKWorkViewController.m in Sources */,
				4297F8F61B143B1B00706B72 /* YKDock.m in Sources */,
				4297F9101B144D0700706B72 /* YKHomeViewController.m in Sources */,
				4297F8F71B143B1B00706B72 /* YKDockItem.m in Sources */,
				42B5B6E41B1E81600061CF4B /* NSString+FileName.m in Sources */,
				425B39331B4A815F002468F4 /* YKMessageController.m in Sources */,
				42C585DC1B0AFAF0005BE52E /* AppDelegate.m in Sources */,
				4297F8FE1B143BD500706B72 /* NSString+File.m in Sources */,
				42D71B021B63628E00567F3B /* YKBrowseViewController.m in Sources */,
				42A15D4A1B7032E40029EC0F /* YKAboutSettingController.m in Sources */,
				426FCD6B1B2862B400A5DB0E /* YKBrowseTableViewCell.m in Sources */,
				42A15D4D1B703A470029EC0F /* YKBrowseAuthorInfoView.m in Sources */,
				4204950D1B7C7BC900FD3150 /* YKContactModel.m in Sources */,
				42FF561D1B72E36E00C7781D /* YKChatViewController.m in Sources */,
				42C46A881B20814D00F6AAAC /* YKSelectButton.m in Sources */,
				42C46A491B1FD92800F6AAAC /* YKLibraryCell.m in Sources */,
				426FCD671B285BDF00A5DB0E /* YKRankController.m in Sources */,
				420495121B7C8C7500FD3150 /* YKChatViewCell.m in Sources */,
				420495091B7C78C100FD3150 /* YKContactTableViewCell.m in Sources */,
				426FCD611B285B9F00A5DB0E /* YKFavouriteController.m in Sources */,
				4297F9011B143D3700706B72 /* YKMainViewController.m in Sources */,
				42F4BD1B1B1C89F300E23726 /* NSDate+Current.m in Sources */,
				42A8EE1B1B1DDA9500D34EAD /* NSFileManager+Repeat.m in Sources */,
				42FF56131B719D6300C7781D /* YKLoginViewController.m in Sources */,
				421A3AD81B7852B800E62D9A /* UIImage+Image.m in Sources */,
				42764AA81B33CE54007A4F9E /* YKPersonnalView.m in Sources */,
				42F4BD141B1C54DD00E23726 /* YKCoreDataManager.m in Sources */,
				42D71B081B638B1000567F3B /* YKPlayTableViewCell.m in Sources */,
				425B392D1B4A7940002468F4 /* YKSettingController.m in Sources */,
				42A15D441B70329E0029EC0F /* YKMessageSettingController.m in Sources */,
				4297F90A1B144CF100706B72 /* YKPlayViewController.m in Sources */,
				4294A3461B735749009C86B6 /* YKChatMessageCell.m in Sources */,
				421A68681B33F1AC002E249A /* YKPersonnalCell.m in Sources */,
				42C585D91B0AFAF0005BE52E /* main.m in Sources */,
				42046FB31B8075BD0042BDD7 /* NSString+Size.m in Sources */,
				42C46A831B20808F00F6AAAC /* YKHomeSelectView.m in Sources */,
				42656D261B1597D900D2AB4B /* YKLocationViewController.m in Sources */,
				4297F90D1B144CFB00706B72 /* YKLibraryController.m in Sources */,
				42A15D471B7032D10029EC0F /* TKSuggestSettingController.m in Sources */,
				4236B2F41B269DF4005B7D43 /* YKBrowseViewCell.m in Sources */,
				4275CC3A1B29646E006B7690 /* YKChannelViewCell.m in Sources */,
				42FF561A1B72DB8500C7781D /* NSString+Valid.m in Sources */,
				42A15D3D1B6EFD060029EC0F /* YKPersonInfoController.m in Sources */,
				4275CC3E1B296673006B7690 /* YKChannelController.m in Sources */,
				42F4BD111B1C4D7D00E23726 /* MediaModel.xcdatamodeld in Sources */,
				42A15D411B70245A0029EC0F /* YKPlaySettingController.m in Sources */,
				183941351B1E05DF0086B537 /* YKLocationMediaModel.m in Sources */,
				425B39301B4A8149002468F4 /* YKFriendController.m in Sources */,
				426F87861B6B14D600624E1B /* YKCommentTableViewCell.m in Sources */,
				421A3ADB1B7A1DD900E62D9A /* YKSearchFriendController.m in Sources */,
			);
			runOnlyForDeploymentPostprocessing = 0;
		};
		42C585E81B0AFAF0005BE52E /* Sources */ = {
			isa = PBXSourcesBuildPhase;
			buildActionMask = 2147483647;
			files = (
				42C585F31B0AFAF0005BE52E /* YinnerTests.m in Sources */,
			);
			runOnlyForDeploymentPostprocessing = 0;
		};
/* End PBXSourcesBuildPhase section */

/* Begin PBXTargetDependency section */
		42C585EE1B0AFAF0005BE52E /* PBXTargetDependency */ = {
			isa = PBXTargetDependency;
			target = 42C585D21B0AFAF0005BE52E /* Yinner */;
			targetProxy = 42C585ED1B0AFAF0005BE52E /* PBXContainerItemProxy */;
		};
/* End PBXTargetDependency section */

/* Begin PBXVariantGroup section */
		42C585E01B0AFAF0005BE52E /* Main.storyboard */ = {
			isa = PBXVariantGroup;
			children = (
				42C585E11B0AFAF0005BE52E /* Base */,
			);
			name = Main.storyboard;
			sourceTree = "<group>";
		};
		42C585E51B0AFAF0005BE52E /* LaunchScreen.xib */ = {
			isa = PBXVariantGroup;
			children = (
				42C585E61B0AFAF0005BE52E /* Base */,
			);
			name = LaunchScreen.xib;
			sourceTree = "<group>";
		};
/* End PBXVariantGroup section */

/* Begin XCBuildConfiguration section */
		42C585F41B0AFAF0005BE52E /* Debug */ = {
			isa = XCBuildConfiguration;
			buildSettings = {
				ALWAYS_SEARCH_USER_PATHS = NO;
				CLANG_CXX_LANGUAGE_STANDARD = "gnu++0x";
				CLANG_CXX_LIBRARY = "libc++";
				CLANG_ENABLE_MODULES = YES;
				CLANG_ENABLE_OBJC_ARC = YES;
				CLANG_WARN_BOOL_CONVERSION = YES;
				CLANG_WARN_CONSTANT_CONVERSION = YES;
				CLANG_WARN_DIRECT_OBJC_ISA_USAGE = YES_ERROR;
				CLANG_WARN_EMPTY_BODY = YES;
				CLANG_WARN_ENUM_CONVERSION = YES;
				CLANG_WARN_INT_CONVERSION = YES;
				CLANG_WARN_OBJC_ROOT_CLASS = YES_ERROR;
				CLANG_WARN_UNREACHABLE_CODE = YES;
				CLANG_WARN__DUPLICATE_METHOD_MATCH = YES;
				"CODE_SIGN_IDENTITY[sdk=iphoneos*]" = "iPhone Developer";
				COPY_PHASE_STRIP = NO;
				ENABLE_STRICT_OBJC_MSGSEND = YES;
				GCC_C_LANGUAGE_STANDARD = gnu99;
				GCC_DYNAMIC_NO_PIC = NO;
				GCC_OPTIMIZATION_LEVEL = 0;
				GCC_PREPROCESSOR_DEFINITIONS = (
					"DEBUG=1",
					"$(inherited)",
				);
				GCC_SYMBOLS_PRIVATE_EXTERN = NO;
				GCC_WARN_64_TO_32_BIT_CONVERSION = YES;
				GCC_WARN_ABOUT_RETURN_TYPE = YES_ERROR;
				GCC_WARN_UNDECLARED_SELECTOR = YES;
				GCC_WARN_UNINITIALIZED_AUTOS = YES_AGGRESSIVE;
				GCC_WARN_UNUSED_FUNCTION = YES;
				GCC_WARN_UNUSED_VARIABLE = YES;
				IPHONEOS_DEPLOYMENT_TARGET = 8.1;
				MTL_ENABLE_DEBUG_INFO = YES;
				ONLY_ACTIVE_ARCH = YES;
				SDKROOT = iphoneos;
			};
			name = Debug;
		};
		42C585F51B0AFAF0005BE52E /* Release */ = {
			isa = XCBuildConfiguration;
			buildSettings = {
				ALWAYS_SEARCH_USER_PATHS = NO;
				CLANG_CXX_LANGUAGE_STANDARD = "gnu++0x";
				CLANG_CXX_LIBRARY = "libc++";
				CLANG_ENABLE_MODULES = YES;
				CLANG_ENABLE_OBJC_ARC = YES;
				CLANG_WARN_BOOL_CONVERSION = YES;
				CLANG_WARN_CONSTANT_CONVERSION = YES;
				CLANG_WARN_DIRECT_OBJC_ISA_USAGE = YES_ERROR;
				CLANG_WARN_EMPTY_BODY = YES;
				CLANG_WARN_ENUM_CONVERSION = YES;
				CLANG_WARN_INT_CONVERSION = YES;
				CLANG_WARN_OBJC_ROOT_CLASS = YES_ERROR;
				CLANG_WARN_UNREACHABLE_CODE = YES;
				CLANG_WARN__DUPLICATE_METHOD_MATCH = YES;
				"CODE_SIGN_IDENTITY[sdk=iphoneos*]" = "iPhone Developer";
				COPY_PHASE_STRIP = YES;
				ENABLE_NS_ASSERTIONS = NO;
				ENABLE_STRICT_OBJC_MSGSEND = YES;
				GCC_C_LANGUAGE_STANDARD = gnu99;
				GCC_WARN_64_TO_32_BIT_CONVERSION = YES;
				GCC_WARN_ABOUT_RETURN_TYPE = YES_ERROR;
				GCC_WARN_UNDECLARED_SELECTOR = YES;
				GCC_WARN_UNINITIALIZED_AUTOS = YES_AGGRESSIVE;
				GCC_WARN_UNUSED_FUNCTION = YES;
				GCC_WARN_UNUSED_VARIABLE = YES;
				IPHONEOS_DEPLOYMENT_TARGET = 8.1;
				MTL_ENABLE_DEBUG_INFO = NO;
				SDKROOT = iphoneos;
				VALIDATE_PRODUCT = YES;
			};
			name = Release;
		};
		42C585F71B0AFAF0005BE52E /* Debug */ = {
			isa = XCBuildConfiguration;
			baseConfigurationReference = F53DF99BD8E6F4B8D9AB68DC /* Pods.debug.xcconfig */;
			buildSettings = {
				ASSETCATALOG_COMPILER_APPICON_NAME = AppIcon;
				GCC_PRECOMPILE_PREFIX_HEADER = YES;
				GCC_PREFIX_HEADER = "$(SRCROOT)/Yinner/PrefixHeader.pch";
				INFOPLIST_FILE = Yinner/Info.plist;
				LD_RUNPATH_SEARCH_PATHS = "$(inherited) @executable_path/Frameworks";
				LIBRARY_SEARCH_PATHS = (
					"$(inherited)",
					"$(PROJECT_DIR)/Yinner/Classes/Lib/EaseMobSDK/lib",
				);
				PRODUCT_NAME = "$(TARGET_NAME)";
			};
			name = Debug;
		};
		42C585F81B0AFAF0005BE52E /* Release */ = {
			isa = XCBuildConfiguration;
			baseConfigurationReference = F073887A5EC671A59ED481CE /* Pods.release.xcconfig */;
			buildSettings = {
				ASSETCATALOG_COMPILER_APPICON_NAME = AppIcon;
				GCC_PRECOMPILE_PREFIX_HEADER = YES;
				GCC_PREFIX_HEADER = "$(SRCROOT)/Yinner/PrefixHeader.pch";
				INFOPLIST_FILE = Yinner/Info.plist;
				LD_RUNPATH_SEARCH_PATHS = "$(inherited) @executable_path/Frameworks";
				LIBRARY_SEARCH_PATHS = (
					"$(inherited)",
					"$(PROJECT_DIR)/Yinner/Classes/Lib/EaseMobSDK/lib",
				);
				PRODUCT_NAME = "$(TARGET_NAME)";
			};
			name = Release;
		};
		42C585FA1B0AFAF0005BE52E /* Debug */ = {
			isa = XCBuildConfiguration;
			buildSettings = {
				BUNDLE_LOADER = "$(TEST_HOST)";
				FRAMEWORK_SEARCH_PATHS = (
					"$(SDKROOT)/Developer/Library/Frameworks",
					"$(inherited)",
				);
				GCC_PREPROCESSOR_DEFINITIONS = (
					"DEBUG=1",
					"$(inherited)",
				);
				INFOPLIST_FILE = YinnerTests/Info.plist;
				LD_RUNPATH_SEARCH_PATHS = "$(inherited) @executable_path/Frameworks @loader_path/Frameworks";
				PRODUCT_NAME = "$(TARGET_NAME)";
				TEST_HOST = "$(BUILT_PRODUCTS_DIR)/Yinner.app/Yinner";
			};
			name = Debug;
		};
		42C585FB1B0AFAF0005BE52E /* Release */ = {
			isa = XCBuildConfiguration;
			buildSettings = {
				BUNDLE_LOADER = "$(TEST_HOST)";
				FRAMEWORK_SEARCH_PATHS = (
					"$(SDKROOT)/Developer/Library/Frameworks",
					"$(inherited)",
				);
				INFOPLIST_FILE = YinnerTests/Info.plist;
				LD_RUNPATH_SEARCH_PATHS = "$(inherited) @executable_path/Frameworks @loader_path/Frameworks";
				PRODUCT_NAME = "$(TARGET_NAME)";
				TEST_HOST = "$(BUILT_PRODUCTS_DIR)/Yinner.app/Yinner";
			};
			name = Release;
		};
/* End XCBuildConfiguration section */

/* Begin XCConfigurationList section */
		42C585CE1B0AFAF0005BE52E /* Build configuration list for PBXProject "Yinner" */ = {
			isa = XCConfigurationList;
			buildConfigurations = (
				42C585F41B0AFAF0005BE52E /* Debug */,
				42C585F51B0AFAF0005BE52E /* Release */,
			);
			defaultConfigurationIsVisible = 0;
			defaultConfigurationName = Release;
		};
		42C585F61B0AFAF0005BE52E /* Build configuration list for PBXNativeTarget "Yinner" */ = {
			isa = XCConfigurationList;
			buildConfigurations = (
				42C585F71B0AFAF0005BE52E /* Debug */,
				42C585F81B0AFAF0005BE52E /* Release */,
			);
			defaultConfigurationIsVisible = 0;
			defaultConfigurationName = Release;
		};
		42C585F91B0AFAF0005BE52E /* Build configuration list for PBXNativeTarget "YinnerTests" */ = {
			isa = XCConfigurationList;
			buildConfigurations = (
				42C585FA1B0AFAF0005BE52E /* Debug */,
				42C585FB1B0AFAF0005BE52E /* Release */,
			);
			defaultConfigurationIsVisible = 0;
			defaultConfigurationName = Release;
		};
/* End XCConfigurationList section */

/* Begin XCVersionGroup section */
		42F4BD0F1B1C4D7D00E23726 /* MediaModel.xcdatamodeld */ = {
			isa = XCVersionGroup;
			children = (
				42F4BD101B1C4D7D00E23726 /* MediaModel.xcdatamodel */,
			);
			currentVersion = 42F4BD101B1C4D7D00E23726 /* MediaModel.xcdatamodel */;
			path = MediaModel.xcdatamodeld;
			sourceTree = "<group>";
			versionGroupType = wrapper.xcdatamodel;
		};
/* End XCVersionGroup section */
	};
	rootObject = 42C585CB1B0AFAF0005BE52E /* Project object */;
}
